{
	"_OFProjectGeneratorVersion": "0.104.0",
	"archiveVersion": "1",
	"classes": {},
	"objectVersion": "54",
	"objects": {
		"036C74AA-F6C8-4F8B-AFCB-055B37D7563C": {
			"fileEncoding": "4",
			"isa": "PBXFileReference",
			"lastKnownFileType": "sourcecode.cpp.cpp",
			"name": "OscOutboundPacketStream.cpp",
			"sourceTree": "<group>"
		},
		"08091D76-4B55-49F8-B110-BC85CCE9F638": {
			"children": [
				"8C2906C1-75DE-41F7-9D70-465970E65256",
				"898F9F43-5B2A-4434-AFD6-010FD7674370",
				"C146799C-92C3-4C1A-8C5B-0457EF352BB2",
				"F5824913-1556-40E7-A504-4D5C612937B7",
				"C009F0EA-CC8A-4C0A-B995-C38CB31BC3A3",
				"A0FEF823-635F-49E8-8B59-7D7B77F2FA00",
				"5359692F-7133-4F33-8922-3A2B73CEBBCF",
				"2BE0B8F6-329B-41BB-891D-652ABDF1316C",
				"4CED8F40-9400-44E1-AB0C-8ED12A9C7559",
				"B9BBCC33-C329-4262-9C40-ABC446D2F71E",
				"C19C6302-0243-4137-803F-D7042005C793",
				"AF75F4FA-089F-4D0C-AC26-950E40E7693F"
			],
			"isa": "PBXGroup",
			"name": "src",
			"path": "src",
			"sourceTree": "<group>"
		},
		"0D8B08D4-97B5-47D1-96BD-483140AB6739": {
			"children": [
				"2AA5A9BC-FA77-485C-B352-B5A18990A79A",
				"DA7F16D5-4EE4-4004-831F-75EF34493602",
				"85CFE939-27F6-4A05-8C40-1A23F981653F",
				"60068026-2A44-4F19-984C-643B9641EFC1",
				"2A34E4C9-08FC-40EE-8E91-14C1B4D215A6",
				"900D4A93-B83B-4854-AA2B-8ABCDF7BDC5D",
				"E2746C5B-D0BF-4E4D-8A65-29F3915AB904"
			],
			"isa": "PBXGroup",
			"name": "ip",
			"path": "ip",
			"sourceTree": "<group>"
		},
		"1093654A-E19A-44E1-95EE-4E621778BC28": {
			"children": [
				"0D8B08D4-97B5-47D1-96BD-483140AB6739",
				"3D8A7316-6636-4896-89B5-17705B1FCDA4"
			],
			"isa": "PBXGroup",
			"name": "src",
			"path": "src",
			"sourceTree": "<group>"
		},
		"15359C5C-D7FF-4A03-81AB-A636E16D89FD": {
			"fileEncoding": "4",
			"isa": "PBXFileReference",
			"lastKnownFileType": "sourcecode.cpp.h",
			"name": "OscPacketListener.h",
			"sourceTree": "<group>"
		},
		"191CD6FA2847E21E0085CBB6": {
			"fileEncoding": "4",
			"isa": "PBXFileReference",
			"lastKnownFileType": "text.plist.entitlements",
			"path": "of.entitlements",
			"sourceTree": "<group>"
		},
		"191EF70929D778A400F35F26": {
			"isa": "PBXFileReference",
			"lastKnownFileType": "folder",
			"name": "openFrameworks",
			"path": "../../../libs/openFrameworks",
			"sourceTree": "SOURCE_ROOT"
		},
		"19B789C429E5AB4A0082E9B8": {
			"alwaysOutOfDate": "1",
			"buildActionMask": "2147483647",
			"files": [],
			"inputFileListPaths": [],
			"inputPaths": [],
			"isa": "PBXShellScriptBuildPhase",
			"outputFileListPaths": [],
			"outputPaths": [],
			"runOnlyForDeploymentPostprocessing": "0",
			"shellPath": "/bin/sh",
			"shellScript": "\"$OF_PATH/scripts/osx/xcode_project.sh\"\n",
			"showEnvVarsInLog": "0"
		},
		"1D1AB799-9D92-4FD3-8B2E-E470E4E48D83": {
			"fileRef": "C5381ED6-0BD1-4FC8-9645-99CD82BC7A97",
			"isa": "PBXBuildFile"
		},
		"24A71EDA-E3E1-4B8D-90C4-8745CA72353B": {
			"fileEncoding": "4",
			"isa": "PBXFileReference",
			"lastKnownFileType": "sourcecode.cpp.h",
			"name": "OscOutboundPacketStream.h",
			"sourceTree": "<group>"
		},
		"26FC5317-5FED-41B3-8E75-F9CEB31C5CC4": {
			"children": [
				"35EC0844-7A3F-4608-B448-0B66D65B1647",
				"08091D76-4B55-49F8-B110-BC85CCE9F638"
			],
			"isa": "PBXGroup",
			"name": "ofxOsc",
			"path": "ofxOsc",
			"sourceTree": "<group>"
		},
		"285FFC3E-5C5A-4C5D-A52E-CD68FCE37F3A": {
			"fileEncoding": "4",
			"isa": "PBXFileReference",
			"lastKnownFileType": "sourcecode.cpp.h",
			"name": "OscPrintReceivedElements.h",
			"sourceTree": "<group>"
		},
		"2A34E4C9-08FC-40EE-8E91-14C1B4D215A6": {
			"fileEncoding": "4",
			"isa": "PBXFileReference",
			"lastKnownFileType": "sourcecode.cpp.h",
			"name": "TimerListener.h",
			"sourceTree": "<group>"
		},
		"2AA5A9BC-FA77-485C-B352-B5A18990A79A": {
			"fileEncoding": "4",
			"isa": "PBXFileReference",
			"lastKnownFileType": "sourcecode.cpp.cpp",
			"name": "IpEndpointName.cpp",
			"sourceTree": "<group>"
		},
		"2BE0B8F6-329B-41BB-891D-652ABDF1316C": {
			"fileEncoding": "4",
			"isa": "PBXFileReference",
			"lastKnownFileType": "sourcecode.cpp.h",
			"name": "ofxOscParameterSync.h",
			"sourceTree": "<group>"
		},
		"2FAED5C7-8176-40A4-A4EA-4FBD8E316128": {
			"children": [
				"1093654A-E19A-44E1-95EE-4E621778BC28"
			],
			"isa": "PBXGroup",
			"name": "oscpack",
			"path": "oscpack",
			"sourceTree": "<group>"
		},
		"35EC0844-7A3F-4608-B448-0B66D65B1647": {
			"children": [
				"2FAED5C7-8176-40A4-A4EA-4FBD8E316128"
			],
			"isa": "PBXGroup",
			"name": "libs",
			"path": "libs",
			"sourceTree": "<group>"
		},
		"3BC12E3C-B134-48D3-8E6F-A0D09C0761E9": {
			"fileEncoding": "4",
			"isa": "PBXFileReference",
			"lastKnownFileType": "sourcecode.cpp.h",
			"name": "OscTypes.h",
			"sourceTree": "<group>"
		},
		"3D8A7316-6636-4896-89B5-17705B1FCDA4": {
			"children": [
				"8DB81BBA-4B0C-45C5-B74E-21E4DA07D933",
				"5BE2A9A7-546A-4438-BC3D-BB5E425A5B51",
				"92ABF5D0-57ED-4651-B5B7-8ECEFFA8C463",
				"036C74AA-F6C8-4F8B-AFCB-055B37D7563C",
				"24A71EDA-E3E1-4B8D-90C4-8745CA72353B",
				"15359C5C-D7FF-4A03-81AB-A636E16D89FD",
				"997DD2C5-929C-4D51-9D0A-BEBEA790BF96",
				"285FFC3E-5C5A-4C5D-A52E-CD68FCE37F3A",
				"DB9F1F43-7078-4A30-B1B2-58998D14CB83",
				"AE32C820-D018-490E-A690-7FAAE6270713",
				"C5381ED6-0BD1-4FC8-9645-99CD82BC7A97",
				"3BC12E3C-B134-48D3-8E6F-A0D09C0761E9"
			],
			"isa": "PBXGroup",
			"name": "osc",
			"path": "osc",
			"sourceTree": "<group>"
		},
		"46230153-9814-4918-B4B3-8837FCF34FEC": {
			"fileRef": "C009F0EA-CC8A-4C0A-B995-C38CB31BC3A3",
			"isa": "PBXBuildFile"
		},
		"4AECFF1C-CA79-46C9-B0FA-B2BF692B192A": {
			"fileRef": "2AA5A9BC-FA77-485C-B352-B5A18990A79A",
			"isa": "PBXBuildFile"
		},
		"4CED8F40-9400-44E1-AB0C-8ED12A9C7559": {
			"fileEncoding": "4",
			"isa": "PBXFileReference",
			"lastKnownFileType": "sourcecode.cpp.cpp",
			"name": "ofxOscReceiver.cpp",
			"sourceTree": "<group>"
		},
		"52519097-45EB-4062-ACCF-CA3ADD1DF175": {
			"fileRef": "4CED8F40-9400-44E1-AB0C-8ED12A9C7559",
			"isa": "PBXBuildFile"
		},
		"5359692F-7133-4F33-8922-3A2B73CEBBCF": {
			"fileEncoding": "4",
			"isa": "PBXFileReference",
			"lastKnownFileType": "sourcecode.cpp.cpp",
			"name": "ofxOscParameterSync.cpp",
			"sourceTree": "<group>"
		},
		"5BE2A9A7-546A-4438-BC3D-BB5E425A5B51": {
			"fileEncoding": "4",
			"isa": "PBXFileReference",
			"lastKnownFileType": "sourcecode.cpp.h",
			"name": "OscException.h",
			"sourceTree": "<group>"
		},
		"5E7553D0-C859-4CD2-B582-082DC7D846B7": {
			"fileRef": "DB9F1F43-7078-4A30-B1B2-58998D14CB83",
			"isa": "PBXBuildFile"
		},
		"5EE17D8E-5555-4E51-96DE-F48841208899": {
			"fileRef": "C2D900F5-0CBD-4248-8B0B-31CA7B1852C6",
			"isa": "PBXBuildFile"
		},
		"60068026-2A44-4F19-984C-643B9641EFC1": {
			"fileEncoding": "4",
			"isa": "PBXFileReference",
			"lastKnownFileType": "sourcecode.cpp.h",
			"name": "PacketListener.h",
			"sourceTree": "<group>"
		},
		"690F799E-7C9C-4101-96F7-1BEE3BD9FF07": {
			"fileRef": "997DD2C5-929C-4D51-9D0A-BEBEA790BF96",
			"isa": "PBXBuildFile"
		},
		"85CFE939-27F6-4A05-8C40-1A23F981653F": {
			"fileEncoding": "4",
			"isa": "PBXFileReference",
			"lastKnownFileType": "sourcecode.cpp.h",
			"name": "NetworkingUtils.h",
			"sourceTree": "<group>"
		},
		"87B512C8-DB2A-48C4-B3F4-46428061FC55": {
			"fileRef": "036C74AA-F6C8-4F8B-AFCB-055B37D7563C",
			"isa": "PBXBuildFile"
		},
		"898F9F43-5B2A-4434-AFD6-010FD7674370": {
			"fileEncoding": "4",
			"isa": "PBXFileReference",
			"lastKnownFileType": "sourcecode.cpp.h",
			"name": "ofxOscArg.h",
			"sourceTree": "<group>"
		},
		"8C2906C1-75DE-41F7-9D70-465970E65256": {
			"fileEncoding": "4",
			"isa": "PBXFileReference",
			"lastKnownFileType": "sourcecode.cpp.h",
			"name": "ofxOsc.h",
			"sourceTree": "<group>"
		},
		"8DB81BBA-4B0C-45C5-B74E-21E4DA07D933": {
			"fileEncoding": "4",
			"isa": "PBXFileReference",
			"lastKnownFileType": "sourcecode.cpp.h",
			"name": "MessageMappingOscPacketListener.h",
			"sourceTree": "<group>"
		},
		"900D4A93-B83B-4854-AA2B-8ABCDF7BDC5D": {
			"fileEncoding": "4",
			"isa": "PBXFileReference",
			"lastKnownFileType": "sourcecode.cpp.h",
			"name": "UdpSocket.h",
			"sourceTree": "<group>"
		},
		"923F1B50-8245-48B7-8FD2-CE9155C13736": {
			"fileRef": "5359692F-7133-4F33-8922-3A2B73CEBBCF",
			"isa": "PBXBuildFile"
		},
		"92ABF5D0-57ED-4651-B5B7-8ECEFFA8C463": {
			"fileEncoding": "4",
			"isa": "PBXFileReference",
			"lastKnownFileType": "sourcecode.cpp.h",
			"name": "OscHostEndianness.h",
			"sourceTree": "<group>"
		},
		"997DD2C5-929C-4D51-9D0A-BEBEA790BF96": {
			"fileEncoding": "4",
			"isa": "PBXFileReference",
			"lastKnownFileType": "sourcecode.cpp.cpp",
			"name": "OscPrintReceivedElements.cpp",
			"sourceTree": "<group>"
		},
		"A0FEF823-635F-49E8-8B59-7D7B77F2FA00": {
			"fileEncoding": "4",
			"isa": "PBXFileReference",
			"lastKnownFileType": "sourcecode.cpp.h",
			"name": "ofxOscMessage.h",
			"sourceTree": "<group>"
		},
		"AE32C820-D018-490E-A690-7FAAE6270713": {
			"fileEncoding": "4",
			"isa": "PBXFileReference",
			"lastKnownFileType": "sourcecode.cpp.h",
			"name": "OscReceivedElements.h",
			"sourceTree": "<group>"
		},
		"AF75F4FA-089F-4D0C-AC26-950E40E7693F": {
			"fileEncoding": "4",
			"isa": "PBXFileReference",
			"lastKnownFileType": "sourcecode.cpp.h",
			"name": "ofxOscSender.h",
			"sourceTree": "<group>"
		},
		"B01BAEF1-5201-4580-ABE3-D9A5F4A5483C": {
			"fileRef": "C146799C-92C3-4C1A-8C5B-0457EF352BB2",
			"isa": "PBXBuildFile"
		},
		"B9BBCC33-C329-4262-9C40-ABC446D2F71E": {
			"fileEncoding": "4",
			"isa": "PBXFileReference",
			"lastKnownFileType": "sourcecode.cpp.h",
			"name": "ofxOscReceiver.h",
			"sourceTree": "<group>"
		},
		"BB4B014C10F69532006C3DED": {
			"children": [
				"26FC5317-5FED-41B3-8E75-F9CEB31C5CC4"
			],
			"isa": "PBXGroup",
			"name": "addons",
			"path": "../../../addons",
			"sourceTree": "SOURCE_ROOT"
		},
		"BEBB8E50-E024-435A-B19E-4CC2E090E95B": {
			"fileRef": "C19C6302-0243-4137-803F-D7042005C793",
			"isa": "PBXBuildFile"
		},
		"C009F0EA-CC8A-4C0A-B995-C38CB31BC3A3": {
			"fileEncoding": "4",
			"isa": "PBXFileReference",
			"lastKnownFileType": "sourcecode.cpp.cpp",
			"name": "ofxOscMessage.cpp",
			"sourceTree": "<group>"
		},
		"C146799C-92C3-4C1A-8C5B-0457EF352BB2": {
			"fileEncoding": "4",
			"isa": "PBXFileReference",
			"lastKnownFileType": "sourcecode.cpp.cpp",
			"name": "ofxOscBundle.cpp",
			"sourceTree": "<group>"
		},
		"C19C6302-0243-4137-803F-D7042005C793": {
			"fileEncoding": "4",
			"isa": "PBXFileReference",
			"lastKnownFileType": "sourcecode.cpp.cpp",
			"name": "ofxOscSender.cpp",
			"sourceTree": "<group>"
		},
		"C2D900F5-0CBD-4248-8B0B-31CA7B1852C6": {
			"fileEncoding": "4",
			"isa": "PBXFileReference",
			"lastKnownFileType": "sourcecode.cpp.cpp",
			"name": "UdpSocket.cpp",
			"sourceTree": "<group>"
		},
		"C5381ED6-0BD1-4FC8-9645-99CD82BC7A97": {
			"fileEncoding": "4",
			"isa": "PBXFileReference",
			"lastKnownFileType": "sourcecode.cpp.cpp",
			"name": "OscTypes.cpp",
			"sourceTree": "<group>"
		},
		"D1E9F961-99A7-4C85-BC29-59058E9AB25B": {
			"fileRef": "E03E975C-6AA5-4B94-8343-69DE5E61CB6E",
			"isa": "PBXBuildFile"
		},
		"DA7F16D5-4EE4-4004-831F-75EF34493602": {
			"fileEncoding": "4",
			"isa": "PBXFileReference",
			"lastKnownFileType": "sourcecode.cpp.h",
			"name": "IpEndpointName.h",
			"sourceTree": "<group>"
		},
		"DB9F1F43-7078-4A30-B1B2-58998D14CB83": {
			"fileEncoding": "4",
			"isa": "PBXFileReference",
			"lastKnownFileType": "sourcecode.cpp.cpp",
			"name": "OscReceivedElements.cpp",
			"sourceTree": "<group>"
		},
		"E03E975C-6AA5-4B94-8343-69DE5E61CB6E": {
			"fileEncoding": "4",
			"isa": "PBXFileReference",
			"lastKnownFileType": "sourcecode.cpp.cpp",
			"name": "NetworkingUtils.cpp",
			"sourceTree": "<group>"
		},
		"E2746C5B-D0BF-4E4D-8A65-29F3915AB904": {
			"children": [
				"E03E975C-6AA5-4B94-8343-69DE5E61CB6E",
				"C2D900F5-0CBD-4248-8B0B-31CA7B1852C6"
			],
			"isa": "PBXGroup",
			"name": "posix",
			"path": "posix",
			"sourceTree": "<group>"
		},
		"E42962A92163ECCD00A6A9E2": {
			"alwaysOutOfDate": "1",
			"buildActionMask": "2147483647",
			"files": [],
			"inputPaths": [],
			"isa": "PBXShellScriptBuildPhase",
			"name": "Run Script — Compile OF",
			"outputPaths": [],
			"runOnlyForDeploymentPostprocessing": "0",
			"shellPath": "/bin/sh",
			"shellScript": "$OF_CORE_BUILD_COMMAND\n",
			"showEnvVarsInLog": "0"
		},
		"E4A5B60F29BAAAE400C2D356": {
			"buildActionMask": "2147483647",
			"dstPath": "",
			"dstSubfolderSpec": "6",
			"files": [],
			"isa": "PBXCopyFilesBuildPhase",
			"runOnlyForDeploymentPostprocessing": "0"
		},
		"E4B69B4A0A3A1720003C02F2": {
			"children": [
				"191CD6FA2847E21E0085CBB6",
				"E4B6FCAD0C3E899E008CF71C",
				"E4EB6923138AFD0F00A09F29",
				"E4B69E1C0A3A1BDC003C02F2",
				"191EF70929D778A400F35F26",
				"BB4B014C10F69532006C3DED",
				"E4B69B5B0A3A1756003C02F2",
				"EA3B7107-CA93-4E43-AD49-11962BE5CABB"
			],
			"isa": "PBXGroup",
			"sourceTree": "<group>"
		},
		"E4B69B4C0A3A1720003C02F2": {
			"attributes": {
				"BuildIndependentTargetsInParallel": "YES",
				"LastUpgradeCheck": "1540"
			},
			"buildConfigurationList": "E4B69B4D0A3A1720003C02F2",
			"compatibilityVersion": "Xcode 3.2",
			"developmentRegion": "en",
			"hasScannedForEncodings": "0",
			"isa": "PBXProject",
			"knownRegions": [
				"en",
				"Base"
			],
			"mainGroup": "E4B69B4A0A3A1720003C02F2",
			"productRefGroup": "E4B69B4A0A3A1720003C02F2",
			"projectDirPath": "",
			"projectRoot": "",
			"targets": [
				"E4B69B5A0A3A1756003C02F2"
			]
		},
		"E4B69B4D0A3A1720003C02F2": {
			"buildConfigurations": [
				"E4B69B4E0A3A1720003C02F2",
				"E4B69B4F0A3A1720003C02F2"
			],
			"defaultConfigurationIsVisible": "0",
			"defaultConfigurationName": "Release",
			"isa": "XCConfigurationList"
		},
		"E4B69B4E0A3A1720003C02F2": {
			"baseConfigurationReference": "E4EB6923138AFD0F00A09F29",
			"buildSettings": {
				"CODE_SIGN_ENTITLEMENTS": "of.entitlements",
				"COPY_PHASE_STRIP": "NO",
				"ENABLE_TESTABILITY": "YES",
				"GCC_OPTIMIZATION_LEVEL": "0",
				"GCC_WARN_UNUSED_VARIABLE": "NO",
				"HEADER_SEARCH_PATHS": [
					"$(OF_CORE_HEADERS)",
					"src"
				],
				"OTHER_CPLUSPLUSFLAGS": "-D__MACOSX_CORE__"
			},
			"isa": "XCBuildConfiguration",
			"name": "Debug"
		},
		"E4B69B4F0A3A1720003C02F2": {
			"baseConfigurationReference": "E4EB6923138AFD0F00A09F29",
			"buildSettings": {
				"CODE_SIGN_ENTITLEMENTS": "of.entitlements",
				"COPY_PHASE_STRIP": "YES",
				"GCC_OPTIMIZATION_LEVEL": "3",
				"GCC_UNROLL_LOOPS": "YES",
				"HEADER_SEARCH_PATHS": [
					"$(OF_CORE_HEADERS)",
					"src"
				],
				"OTHER_CPLUSPLUSFLAGS": "-D__MACOSX_CORE__"
			},
			"isa": "XCBuildConfiguration",
			"name": "Release"
		},
		"E4B69B580A3A1756003C02F2": {
			"buildActionMask": "2147483647",
			"files": [
				"E4B69E200A3A1BDC003C02F2",
				"E4B69E210A3A1BDC003C02F2",
				"4AECFF1C-CA79-46C9-B0FA-B2BF692B192A",
				"D1E9F961-99A7-4C85-BC29-59058E9AB25B",
				"5EE17D8E-5555-4E51-96DE-F48841208899",
				"87B512C8-DB2A-48C4-B3F4-46428061FC55",
				"690F799E-7C9C-4101-96F7-1BEE3BD9FF07",
				"5E7553D0-C859-4CD2-B582-082DC7D846B7",
				"1D1AB799-9D92-4FD3-8B2E-E470E4E48D83",
				"B01BAEF1-5201-4580-ABE3-D9A5F4A5483C",
				"46230153-9814-4918-B4B3-8837FCF34FEC",
				"923F1B50-8245-48B7-8FD2-CE9155C13736",
				"52519097-45EB-4062-ACCF-CA3ADD1DF175",
				"BEBB8E50-E024-435A-B19E-4CC2E090E95B"
			],
			"isa": "PBXSourcesBuildPhase",
			"runOnlyForDeploymentPostprocessing": "0"
		},
		"E4B69B590A3A1756003C02F2": {
			"buildActionMask": "2147483647",
			"files": [],
			"isa": "PBXFrameworksBuildPhase",
			"runOnlyForDeploymentPostprocessing": "0"
		},
		"E4B69B5A0A3A1756003C02F2": {
			"buildConfigurationList": "E4B69B5F0A3A1757003C02F2",
			"buildPhases": [
				"E42962A92163ECCD00A6A9E2",
				"E4B69B580A3A1756003C02F2",
				"E4B69B590A3A1756003C02F2",
				"E4C2427710CC5ABF004149E2",
				"E4A5B60F29BAAAE400C2D356",
				"19B789C429E5AB4A0082E9B8"
			],
			"buildRules": [],
			"dependencies": [],
			"isa": "PBXNativeTarget",
			"name": "ofxMediaPipeBridgeSampleA",
			"productName": "myOFApp",
			"productReference": "E4B69B5B0A3A1756003C02F2",
			"productType": "com.apple.product-type.application"
		},
		"E4B69B5B0A3A1756003C02F2": {
			"explicitFileType": "wrapper.application",
			"includeInIndex": "0",
			"isa": "PBXFileReference",
			"path": "ofxMediaPipeBridgeSampleADebug.app",
			"sourceTree": "BUILT_PRODUCTS_DIR"
		},
		"E4B69B5F0A3A1757003C02F2": {
			"buildConfigurations": [
				"E4B69B600A3A1757003C02F2",
				"E4B69B610A3A1757003C02F2"
			],
			"defaultConfigurationIsVisible": "0",
			"defaultConfigurationName": "Release",
			"isa": "XCConfigurationList"
		},
		"E4B69B600A3A1757003C02F2": {
			"baseConfigurationReference": "E4EB6923138AFD0F00A09F29",
			"buildSettings": {
				"ARCHS": "$(ARCHS_STANDARD)",
				"COPY_PHASE_STRIP": "NO",
				"FRAMEWORK_SEARCH_PATHS": "$(inherited)",
				"GCC_DYNAMIC_NO_PIC": "NO",
				"HEADER_SEARCH_PATHS": [
					"$(OF_CORE_HEADERS)",
					"src",
					"../../../addons/ofxOsc/libs",
					"../../../addons/ofxOsc/libs/oscpack",
					"../../../addons/ofxOsc/libs/oscpack/src",
					"../../../addons/ofxOsc/libs/oscpack/src/ip",
					"../../../addons/ofxOsc/libs/oscpack/src/ip/posix",
					"../../../addons/ofxOsc/libs/oscpack/src/osc",
					"../../../addons/ofxOsc/src"
				],
				"LIBRARY_SEARCH_PATHS": "$(inherited)",
				"OTHER_LDFLAGS": [
					"$(OF_CORE_LIBS)",
					"$(OF_CORE_FRAMEWORKS)",
					"$(LIB_OF_DEBUG)"
				]
			},
			"isa": "XCBuildConfiguration",
			"name": "Debug"
		},
		"E4B69B610A3A1757003C02F2": {
			"baseConfigurationReference": "E4EB6923138AFD0F00A09F29",
			"buildSettings": {
				"ARCHS": "$(ARCHS_STANDARD)",
				"COPY_PHASE_STRIP": "YES",
				"FRAMEWORK_SEARCH_PATHS": "$(inherited)",
				"HEADER_SEARCH_PATHS": [
					"$(OF_CORE_HEADERS)",
					"src",
					"../../../addons/ofxOsc/libs",
					"../../../addons/ofxOsc/libs/oscpack",
					"../../../addons/ofxOsc/libs/oscpack/src",
					"../../../addons/ofxOsc/libs/oscpack/src/ip",
					"../../../addons/ofxOsc/libs/oscpack/src/ip/posix",
					"../../../addons/ofxOsc/libs/oscpack/src/osc",
					"../../../addons/ofxOsc/src"
				],
				"LIBRARY_SEARCH_PATHS": "$(inherited)",
				"OTHER_LDFLAGS": [
					"$(OF_CORE_LIBS)",
					"$(OF_CORE_FRAMEWORKS)",
					"$(LIB_OF_RELEASE)"
				],
				"baseConfigurationReference": "E4EB6923138AFD0F00A09F29"
			},
			"isa": "XCBuildConfiguration",
			"name": "Release"
		},
		"E4B69E1C0A3A1BDC003C02F2": {
			"children": [
				"E4B69E1D0A3A1BDC003C02F2",
				"E4B69E1E0A3A1BDC003C02F2",
				"E4B69E1F0A3A1BDC003C02F2"
			],
			"isa": "PBXGroup",
			"path": "src",
			"sourceTree": "SOURCE_ROOT"
		},
		"E4B69E1D0A3A1BDC003C02F2": {
			"fileEncoding": "4",
			"isa": "PBXFileReference",
			"lastKnownFileType": "sourcecode.cpp.cpp",
			"name": "main.cpp",
			"path": "src/main.cpp",
			"sourceTree": "SOURCE_ROOT"
		},
		"E4B69E1E0A3A1BDC003C02F2": {
			"explicitFileType": "sourcecode.cpp.cpp",
			"fileEncoding": "4",
			"isa": "PBXFileReference",
			"name": "ofApp.cpp",
			"path": "src/ofApp.cpp",
			"sourceTree": "SOURCE_ROOT"
		},
		"E4B69E1F0A3A1BDC003C02F2": {
			"fileEncoding": "4",
			"isa": "PBXFileReference",
			"lastKnownFileType": "sourcecode.c.h",
			"name": "ofApp.h",
			"path": "src/ofApp.h",
			"sourceTree": "SOURCE_ROOT"
		},
		"E4B69E200A3A1BDC003C02F2": {
			"fileRef": "E4B69E1D0A3A1BDC003C02F2",
			"isa": "PBXBuildFile"
		},
		"E4B69E210A3A1BDC003C02F2": {
			"fileRef": "E4B69E1E0A3A1BDC003C02F2",
			"isa": "PBXBuildFile"
		},
		"E4B6FCAD0C3E899E008CF71C": {
			"fileEncoding": "4",
			"isa": "PBXFileReference",
			"lastKnownFileType": "text.plist.xml",
			"path": "openFrameworks-Info.plist",
			"sourceTree": "<group>"
		},
		"E4C2427710CC5ABF004149E2": {
			"buildActionMask": "2147483647",
			"dstPath": "",
			"dstSubfolderSpec": "10",
			"files": [],
			"isa": "PBXCopyFilesBuildPhase",
			"runOnlyForDeploymentPostprocessing": "0"
		},
		"E4EB6923138AFD0F00A09F29": {
			"fileEncoding": "4",
			"isa": "PBXFileReference",
			"lastKnownFileType": "text.xcconfig",
			"path": "Project.xcconfig",
			"sourceTree": "<group>"
		},
		"EA3B7107-CA93-4E43-AD49-11962BE5CABB": {
			"fileEncoding": "4",
			"isa": "PBXFileReference",
			"lastKnownFileType": "folder",
			"name": "data",
			"path": "bin/data",
			"sourceTree": "SOURCE_ROOT"
		},
		"F5824913-1556-40E7-A504-4D5C612937B7": {
			"fileEncoding": "4",
			"isa": "PBXFileReference",
			"lastKnownFileType": "sourcecode.cpp.h",
			"name": "ofxOscBundle.h",
			"sourceTree": "<group>"
		}
	},
	"rootObject": "E4B69B4C0A3A1720003C02F2"
}