{
	"_OFProjectGeneratorVersion": "0.104.0",
	"archiveVersion": "1",
	"classes": {},
	"objectVersion": "54",
	"objects": {
		"04F3A202-B13F-4A3A-9E7E-9D00D8AFB677": {
			"fileEncoding": "4",
			"isa": "PBXFileReference",
			"lastKnownFileType": "sourcecode.cpp.h",
			"name": "ofxOsc.h",
			"sourceTree": "<group>"
		},
		"0BF54011-6E0D-4B31-996E-1AC9FCBDD786": {
			"fileEncoding": "4",
			"isa": "PBXFileReference",
			"lastKnownFileType": "sourcecode.cpp.h",
			"name": "OscOutboundPacketStream.h",
			"sourceTree": "<group>"
		},
		"11F40F55-CFF5-4C53-BE29-59068B3E2D98": {
			"children": [
				"EA9C3E4E-3B53-4480-A853-07CF7D01384F",
				"C5B0B57F-2C14-4E30-B637-1975225D1F65"
			],
			"isa": "PBXGroup",
			"name": "posix",
			"path": "posix",
			"sourceTree": "<group>"
		},
		"191CD6FA2847E21E0085CBB6": {
			"fileEncoding": "4",
			"isa": "PBXFileReference",
			"lastKnownFileType": "text.plist.entitlements",
			"path": "of.entitlements",
			"sourceTree": "<group>"
		},
		"191EF70929D778A400F35F26": {
			"isa": "PBXFileReference",
			"lastKnownFileType": "folder",
			"name": "openFrameworks",
			"path": "../../../libs/openFrameworks",
			"sourceTree": "SOURCE_ROOT"
		},
		"19B789C429E5AB4A0082E9B8": {
			"alwaysOutOfDate": "1",
			"buildActionMask": "2147483647",
			"files": [],
			"inputFileListPaths": [],
			"inputPaths": [],
			"isa": "PBXShellScriptBuildPhase",
			"outputFileListPaths": [],
			"outputPaths": [],
			"runOnlyForDeploymentPostprocessing": "0",
			"shellPath": "/bin/sh",
			"shellScript": "\"$OF_PATH/scripts/osx/xcode_project.sh\"\n",
			"showEnvVarsInLog": "0"
		},
		"1ADCCAC7-E196-4506-92E6-22D174B1DEA7": {
			"fileRef": "8B9A355C-24EB-46CC-A8F6-E35A8047E34D",
			"isa": "PBXBuildFile"
		},
		"1F0D03B0-EC26-4754-B47C-0964F0BA1A45": {
			"fileEncoding": "4",
			"isa": "PBXFileReference",
			"lastKnownFileType": "folder",
			"name": "data",
			"path": "bin/data",
			"sourceTree": "SOURCE_ROOT"
		},
		"2B19BC6A-D830-4508-A868-E775440D71C1": {
			"fileEncoding": "4",
			"isa": "PBXFileReference",
			"lastKnownFileType": "sourcecode.cpp.h",
			"name": "ofxOscMessage.h",
			"sourceTree": "<group>"
		},
		"2D2703E3-B13D-45A5-A87E-0768CCA44EDE": {
			"fileEncoding": "4",
			"isa": "PBXFileReference",
			"lastKnownFileType": "sourcecode.cpp.cpp",
			"name": "OscPrintReceivedElements.cpp",
			"sourceTree": "<group>"
		},
		"31560728-5C42-4233-A1CA-28DCF827DAAF": {
			"fileEncoding": "4",
			"isa": "PBXFileReference",
			"lastKnownFileType": "sourcecode.cpp.cpp",
			"name": "ofxOscReceiver.cpp",
			"sourceTree": "<group>"
		},
		"3392ED14-56EF-491A-A988-ECCBC88CC493": {
			"fileEncoding": "4",
			"isa": "PBXFileReference",
			"lastKnownFileType": "sourcecode.cpp.h",
			"name": "OscHostEndianness.h",
			"sourceTree": "<group>"
		},
		"355754CC-A2B9-42F5-BCF0-D6547939911F": {
			"fileRef": "9CD515BC-F418-44ED-93B4-B8080A760D03",
			"isa": "PBXBuildFile"
		},
		"355920E7-9DBD-4F78-BBF0-871F3F91AB4E": {
			"fileEncoding": "4",
			"isa": "PBXFileReference",
			"lastKnownFileType": "sourcecode.cpp.h",
			"name": "UdpSocket.h",
			"sourceTree": "<group>"
		},
		"36A1DA7E-D87D-49E1-8EED-BA0AA0B3ECCB": {
			"fileEncoding": "4",
			"isa": "PBXFileReference",
			"lastKnownFileType": "sourcecode.cpp.h",
			"name": "OscTypes.h",
			"sourceTree": "<group>"
		},
		"3C0F87B9-20CD-426A-8B3E-19EE64872098": {
			"fileEncoding": "4",
			"isa": "PBXFileReference",
			"lastKnownFileType": "sourcecode.cpp.h",
			"name": "IpEndpointName.h",
			"sourceTree": "<group>"
		},
		"448850B5-3091-4492-B10C-85660366C4EF": {
			"fileEncoding": "4",
			"isa": "PBXFileReference",
			"lastKnownFileType": "sourcecode.cpp.h",
			"name": "NetworkingUtils.h",
			"sourceTree": "<group>"
		},
		"460F6890-888E-4E91-8952-E4582B5F8B2E": {
			"children": [
				"9CD515BC-F418-44ED-93B4-B8080A760D03",
				"3C0F87B9-20CD-426A-8B3E-19EE64872098",
				"448850B5-3091-4492-B10C-85660366C4EF",
				"66DC70FD-4BF1-466D-9D66-BEB065CE2CB7",
				"5B754838-085A-4908-8066-C8C32D0EDAC9",
				"355920E7-9DBD-4F78-BBF0-871F3F91AB4E",
				"11F40F55-CFF5-4C53-BE29-59068B3E2D98"
			],
			"isa": "PBXGroup",
			"name": "ip",
			"path": "ip",
			"sourceTree": "<group>"
		},
		"53A13EA5-0094-4A55-9740-593DBF4B3F84": {
			"children": [
				"DF528D68-6859-4A9D-B7E7-F2AAFE70399C",
				"62681CAF-B338-497C-AF0C-6BB98E24A409",
				"3392ED14-56EF-491A-A988-ECCBC88CC493",
				"8B9A355C-24EB-46CC-A8F6-E35A8047E34D",
				"0BF54011-6E0D-4B31-996E-1AC9FCBDD786",
				"D2C6A50C-9351-4956-98CE-FFA10B9B09BD",
				"2D2703E3-B13D-45A5-A87E-0768CCA44EDE",
				"F2692D31-F76F-4BC0-8381-19CD0B3CB6FB",
				"A7F1D5CF-3068-4CF8-9CD4-A7EAAFAFD007",
				"A53DF14A-AD32-4A6C-A878-DE6E6BF46ED1",
				"841E60F2-ABF4-4A38-94B2-86FE995C8E78",
				"36A1DA7E-D87D-49E1-8EED-BA0AA0B3ECCB"
			],
			"isa": "PBXGroup",
			"name": "osc",
			"path": "osc",
			"sourceTree": "<group>"
		},
		"57F3457F-0E66-47F1-85A5-B516BDA2FEF5": {
			"children": [
				"C8EAB5F7-5D98-47E1-B010-7DFEFB85459F"
			],
			"isa": "PBXGroup",
			"name": "oscpack",
			"path": "oscpack",
			"sourceTree": "<group>"
		},
		"5B754838-085A-4908-8066-C8C32D0EDAC9": {
			"fileEncoding": "4",
			"isa": "PBXFileReference",
			"lastKnownFileType": "sourcecode.cpp.h",
			"name": "TimerListener.h",
			"sourceTree": "<group>"
		},
		"62681CAF-B338-497C-AF0C-6BB98E24A409": {
			"fileEncoding": "4",
			"isa": "PBXFileReference",
			"lastKnownFileType": "sourcecode.cpp.h",
			"name": "OscException.h",
			"sourceTree": "<group>"
		},
		"66DC70FD-4BF1-466D-9D66-BEB065CE2CB7": {
			"fileEncoding": "4",
			"isa": "PBXFileReference",
			"lastKnownFileType": "sourcecode.cpp.h",
			"name": "PacketListener.h",
			"sourceTree": "<group>"
		},
		"675959AD-080C-4C43-9032-5A4CB0FF91FD": {
			"fileEncoding": "4",
			"isa": "PBXFileReference",
			"lastKnownFileType": "sourcecode.cpp.h",
			"name": "ofxOscReceiver.h",
			"sourceTree": "<group>"
		},
		"694A88E5-EC44-4025-9D01-CAA3F550EEBB": {
			"fileEncoding": "4",
			"isa": "PBXFileReference",
			"lastKnownFileType": "sourcecode.cpp.cpp",
			"name": "ofxOscSender.cpp",
			"sourceTree": "<group>"
		},
		"7E12916E-29A6-4A80-B9E4-37B1FA8B5D9A": {
			"fileRef": "FE70F984-0FFD-40E0-A474-F278E5AECFCB",
			"isa": "PBXBuildFile"
		},
		"841E60F2-ABF4-4A38-94B2-86FE995C8E78": {
			"fileEncoding": "4",
			"isa": "PBXFileReference",
			"lastKnownFileType": "sourcecode.cpp.cpp",
			"name": "OscTypes.cpp",
			"sourceTree": "<group>"
		},
		"84ED7C44-8035-4E30-841E-13A237BD609E": {
			"fileRef": "C5B0B57F-2C14-4E30-B637-1975225D1F65",
			"isa": "PBXBuildFile"
		},
		"8B9A355C-24EB-46CC-A8F6-E35A8047E34D": {
			"fileEncoding": "4",
			"isa": "PBXFileReference",
			"lastKnownFileType": "sourcecode.cpp.cpp",
			"name": "OscOutboundPacketStream.cpp",
			"sourceTree": "<group>"
		},
		"8C5923EE-46D9-4F5B-A14E-1EA3D40C20F8": {
			"fileEncoding": "4",
			"isa": "PBXFileReference",
			"lastKnownFileType": "sourcecode.cpp.cpp",
			"name": "ofxOscBundle.cpp",
			"sourceTree": "<group>"
		},
		"8D0C87CC-DDE8-49FE-B324-0BCAF781F316": {
			"fileRef": "694A88E5-EC44-4025-9D01-CAA3F550EEBB",
			"isa": "PBXBuildFile"
		},
		"904749A7-7010-4009-88A6-EA32442D3818": {
			"fileEncoding": "4",
			"isa": "PBXFileReference",
			"lastKnownFileType": "sourcecode.cpp.h",
			"name": "ofxOscBundle.h",
			"sourceTree": "<group>"
		},
		"9CD515BC-F418-44ED-93B4-B8080A760D03": {
			"fileEncoding": "4",
			"isa": "PBXFileReference",
			"lastKnownFileType": "sourcecode.cpp.cpp",
			"name": "IpEndpointName.cpp",
			"sourceTree": "<group>"
		},
		"A53DF14A-AD32-4A6C-A878-DE6E6BF46ED1": {
			"fileEncoding": "4",
			"isa": "PBXFileReference",
			"lastKnownFileType": "sourcecode.cpp.h",
			"name": "OscReceivedElements.h",
			"sourceTree": "<group>"
		},
		"A7E142BE-846B-4787-883D-7F96E2FABB38": {
			"fileEncoding": "4",
			"isa": "PBXFileReference",
			"lastKnownFileType": "sourcecode.cpp.h",
			"name": "ofxOscSender.h",
			"sourceTree": "<group>"
		},
		"A7F1D5CF-3068-4CF8-9CD4-A7EAAFAFD007": {
			"fileEncoding": "4",
			"isa": "PBXFileReference",
			"lastKnownFileType": "sourcecode.cpp.cpp",
			"name": "OscReceivedElements.cpp",
			"sourceTree": "<group>"
		},
		"AB3C965F-5C29-4FEB-BD1E-630122851353": {
			"fileRef": "31560728-5C42-4233-A1CA-28DCF827DAAF",
			"isa": "PBXBuildFile"
		},
		"ACA05174-1894-4BB3-97F3-7A7B92F882EF": {
			"children": [
				"04F3A202-B13F-4A3A-9E7E-9D00D8AFB677",
				"E844E958-57A6-4430-B33F-A8DFF1C4703F",
				"8C5923EE-46D9-4F5B-A14E-1EA3D40C20F8",
				"904749A7-7010-4009-88A6-EA32442D3818",
				"E5E18133-0FD6-4F32-8F5E-F26CBD28ADF4",
				"2B19BC6A-D830-4508-A868-E775440D71C1",
				"FE70F984-0FFD-40E0-A474-F278E5AECFCB",
				"E83CC866-34CD-427E-9EE5-1B8A797912B5",
				"31560728-5C42-4233-A1CA-28DCF827DAAF",
				"675959AD-080C-4C43-9032-5A4CB0FF91FD",
				"694A88E5-EC44-4025-9D01-CAA3F550EEBB",
				"A7E142BE-846B-4787-883D-7F96E2FABB38"
			],
			"isa": "PBXGroup",
			"name": "src",
			"path": "src",
			"sourceTree": "<group>"
		},
		"B5C6E8A5-C157-49D1-842C-C10429A6AB8C": {
			"fileRef": "8C5923EE-46D9-4F5B-A14E-1EA3D40C20F8",
			"isa": "PBXBuildFile"
		},
		"B8DDC202-7107-48E0-9308-889E2E86AEDD": {
			"fileRef": "841E60F2-ABF4-4A38-94B2-86FE995C8E78",
			"isa": "PBXBuildFile"
		},
		"BB4B014C10F69532006C3DED": {
			"children": [
				"C25CE807-56E6-471E-ABE3-C8971A9B2B33"
			],
			"isa": "PBXGroup",
			"name": "addons",
			"path": "../../../addons",
			"sourceTree": "SOURCE_ROOT"
		},
		"C25CE807-56E6-471E-ABE3-C8971A9B2B33": {
			"children": [
				"DFC041B6-8894-41F5-8D55-E58EDC789D6B",
				"ACA05174-1894-4BB3-97F3-7A7B92F882EF"
			],
			"isa": "PBXGroup",
			"name": "ofxOsc",
			"path": "ofxOsc",
			"sourceTree": "<group>"
		},
		"C5B0B57F-2C14-4E30-B637-1975225D1F65": {
			"fileEncoding": "4",
			"isa": "PBXFileReference",
			"lastKnownFileType": "sourcecode.cpp.cpp",
			"name": "UdpSocket.cpp",
			"sourceTree": "<group>"
		},
		"C754EF0F-74A4-410D-B79D-9BE7E399949C": {
			"fileRef": "E5E18133-0FD6-4F32-8F5E-F26CBD28ADF4",
			"isa": "PBXBuildFile"
		},
		"C8EAB5F7-5D98-47E1-B010-7DFEFB85459F": {
			"children": [
				"460F6890-888E-4E91-8952-E4582B5F8B2E",
				"53A13EA5-0094-4A55-9740-593DBF4B3F84"
			],
			"isa": "PBXGroup",
			"name": "src",
			"path": "src",
			"sourceTree": "<group>"
		},
		"D2229131-6411-479B-B4FB-E15A4950E338": {
			"fileRef": "2D2703E3-B13D-45A5-A87E-0768CCA44EDE",
			"isa": "PBXBuildFile"
		},
		"D2C6A50C-9351-4956-98CE-FFA10B9B09BD": {
			"fileEncoding": "4",
			"isa": "PBXFileReference",
			"lastKnownFileType": "sourcecode.cpp.h",
			"name": "OscPacketListener.h",
			"sourceTree": "<group>"
		},
		"DF528D68-6859-4A9D-B7E7-F2AAFE70399C": {
			"fileEncoding": "4",
			"isa": "PBXFileReference",
			"lastKnownFileType": "sourcecode.cpp.h",
			"name": "MessageMappingOscPacketListener.h",
			"sourceTree": "<group>"
		},
		"DFC041B6-8894-41F5-8D55-E58EDC789D6B": {
			"children": [
				"57F3457F-0E66-47F1-85A5-B516BDA2FEF5"
			],
			"isa": "PBXGroup",
			"name": "libs",
			"path": "libs",
			"sourceTree": "<group>"
		},
		"E42962A92163ECCD00A6A9E2": {
			"alwaysOutOfDate": "1",
			"buildActionMask": "2147483647",
			"files": [],
			"inputPaths": [],
			"isa": "PBXShellScriptBuildPhase",
			"name": "Run Script — Compile OF",
			"outputPaths": [],
			"runOnlyForDeploymentPostprocessing": "0",
			"shellPath": "/bin/sh",
			"shellScript": "$OF_CORE_BUILD_COMMAND\n",
			"showEnvVarsInLog": "0"
		},
		"E4A5B60F29BAAAE400C2D356": {
			"buildActionMask": "2147483647",
			"dstPath": "",
			"dstSubfolderSpec": "6",
			"files": [],
			"isa": "PBXCopyFilesBuildPhase",
			"runOnlyForDeploymentPostprocessing": "0"
		},
		"E4B69B4A0A3A1720003C02F2": {
			"children": [
				"191CD6FA2847E21E0085CBB6",
				"E4B6FCAD0C3E899E008CF71C",
				"E4EB6923138AFD0F00A09F29",
				"E4B69E1C0A3A1BDC003C02F2",
				"191EF70929D778A400F35F26",
				"BB4B014C10F69532006C3DED",
				"E4B69B5B0A3A1756003C02F2",
				"1F0D03B0-EC26-4754-B47C-0964F0BA1A45"
			],
			"isa": "PBXGroup",
			"sourceTree": "<group>"
		},
		"E4B69B4C0A3A1720003C02F2": {
			"attributes": {
				"BuildIndependentTargetsInParallel": "YES",
				"LastUpgradeCheck": "1540"
			},
			"buildConfigurationList": "E4B69B4D0A3A1720003C02F2",
			"compatibilityVersion": "Xcode 3.2",
			"developmentRegion": "en",
			"hasScannedForEncodings": "0",
			"isa": "PBXProject",
			"knownRegions": [
				"en",
				"Base"
			],
			"mainGroup": "E4B69B4A0A3A1720003C02F2",
			"productRefGroup": "E4B69B4A0A3A1720003C02F2",
			"projectDirPath": "",
			"projectRoot": "",
			"targets": [
				"E4B69B5A0A3A1756003C02F2"
			]
		},
		"E4B69B4D0A3A1720003C02F2": {
			"buildConfigurations": [
				"E4B69B4E0A3A1720003C02F2",
				"E4B69B4F0A3A1720003C02F2"
			],
			"defaultConfigurationIsVisible": "0",
			"defaultConfigurationName": "Release",
			"isa": "XCConfigurationList"
		},
		"E4B69B4E0A3A1720003C02F2": {
			"baseConfigurationReference": "E4EB6923138AFD0F00A09F29",
			"buildSettings": {
				"CODE_SIGN_ENTITLEMENTS": "of.entitlements",
				"COPY_PHASE_STRIP": "NO",
				"ENABLE_TESTABILITY": "YES",
				"GCC_OPTIMIZATION_LEVEL": "0",
				"GCC_WARN_UNUSED_VARIABLE": "NO",
				"HEADER_SEARCH_PATHS": [
					"$(OF_CORE_HEADERS)",
					"src"
				],
				"OTHER_CPLUSPLUSFLAGS": "-D__MACOSX_CORE__"
			},
			"isa": "XCBuildConfiguration",
			"name": "Debug"
		},
		"E4B69B4F0A3A1720003C02F2": {
			"baseConfigurationReference": "E4EB6923138AFD0F00A09F29",
			"buildSettings": {
				"CODE_SIGN_ENTITLEMENTS": "of.entitlements",
				"COPY_PHASE_STRIP": "YES",
				"GCC_OPTIMIZATION_LEVEL": "3",
				"GCC_UNROLL_LOOPS": "YES",
				"HEADER_SEARCH_PATHS": [
					"$(OF_CORE_HEADERS)",
					"src"
				],
				"OTHER_CPLUSPLUSFLAGS": "-D__MACOSX_CORE__"
			},
			"isa": "XCBuildConfiguration",
			"name": "Release"
		},
		"E4B69B580A3A1756003C02F2": {
			"buildActionMask": "2147483647",
			"files": [
				"E4B69E200A3A1BDC003C02F2",
				"E4B69E210A3A1BDC003C02F2",
				"355754CC-A2B9-42F5-BCF0-D6547939911F",
				"E965CBBF-DCEB-4705-B6F1-AC0D0625872F",
				"84ED7C44-8035-4E30-841E-13A237BD609E",
				"1ADCCAC7-E196-4506-92E6-22D174B1DEA7",
				"D2229131-6411-479B-B4FB-E15A4950E338",
				"EB9C77AA-57FF-4774-B1EF-9C22D4CC7888",
				"B8DDC202-7107-48E0-9308-889E2E86AEDD",
				"B5C6E8A5-C157-49D1-842C-C10429A6AB8C",
				"C754EF0F-74A4-410D-B79D-9BE7E399949C",
				"7E12916E-29A6-4A80-B9E4-37B1FA8B5D9A",
				"AB3C965F-5C29-4FEB-BD1E-630122851353",
				"8D0C87CC-DDE8-49FE-B324-0BCAF781F316"
			],
			"isa": "PBXSourcesBuildPhase",
			"runOnlyForDeploymentPostprocessing": "0"
		},
		"E4B69B590A3A1756003C02F2": {
			"buildActionMask": "2147483647",
			"files": [],
			"isa": "PBXFrameworksBuildPhase",
			"runOnlyForDeploymentPostprocessing": "0"
		},
		"E4B69B5A0A3A1756003C02F2": {
			"buildConfigurationList": "E4B69B5F0A3A1757003C02F2",
			"buildPhases": [
				"E42962A92163ECCD00A6A9E2",
				"E4B69B580A3A1756003C02F2",
				"E4B69B590A3A1756003C02F2",
				"E4C2427710CC5ABF004149E2",
				"E4A5B60F29BAAAE400C2D356",
				"19B789C429E5AB4A0082E9B8"
			],
			"buildRules": [],
			"dependencies": [],
			"isa": "PBXNativeTarget",
			"name": "ofxMediaPipeBridgeSampleB",
			"productName": "myOFApp",
			"productReference": "E4B69B5B0A3A1756003C02F2",
			"productType": "com.apple.product-type.application"
		},
		"E4B69B5B0A3A1756003C02F2": {
			"explicitFileType": "wrapper.application",
			"includeInIndex": "0",
			"isa": "PBXFileReference",
			"path": "ofxMediaPipeBridgeSampleBDebug.app",
			"sourceTree": "BUILT_PRODUCTS_DIR"
		},
		"E4B69B5F0A3A1757003C02F2": {
			"buildConfigurations": [
				"E4B69B600A3A1757003C02F2",
				"E4B69B610A3A1757003C02F2"
			],
			"defaultConfigurationIsVisible": "0",
			"defaultConfigurationName": "Release",
			"isa": "XCConfigurationList"
		},
		"E4B69B600A3A1757003C02F2": {
			"baseConfigurationReference": "E4EB6923138AFD0F00A09F29",
			"buildSettings": {
				"ARCHS": "$(ARCHS_STANDARD)",
				"COPY_PHASE_STRIP": "NO",
				"FRAMEWORK_SEARCH_PATHS": "$(inherited)",
				"GCC_DYNAMIC_NO_PIC": "NO",
				"HEADER_SEARCH_PATHS": [
					"$(OF_CORE_HEADERS)",
					"src",
					"../../../addons/ofxOsc/libs",
					"../../../addons/ofxOsc/libs/oscpack",
					"../../../addons/ofxOsc/libs/oscpack/src",
					"../../../addons/ofxOsc/libs/oscpack/src/ip",
					"../../../addons/ofxOsc/libs/oscpack/src/ip/posix",
					"../../../addons/ofxOsc/libs/oscpack/src/osc",
					"../../../addons/ofxOsc/src"
				],
				"LIBRARY_SEARCH_PATHS": "$(inherited)",
				"OTHER_LDFLAGS": [
					"$(OF_CORE_LIBS)",
					"$(OF_CORE_FRAMEWORKS)",
					"$(LIB_OF_DEBUG)"
				]
			},
			"isa": "XCBuildConfiguration",
			"name": "Debug"
		},
		"E4B69B610A3A1757003C02F2": {
			"baseConfigurationReference": "E4EB6923138AFD0F00A09F29",
			"buildSettings": {
				"ARCHS": "$(ARCHS_STANDARD)",
				"COPY_PHASE_STRIP": "YES",
				"FRAMEWORK_SEARCH_PATHS": "$(inherited)",
				"HEADER_SEARCH_PATHS": [
					"$(OF_CORE_HEADERS)",
					"src",
					"../../../addons/ofxOsc/libs",
					"../../../addons/ofxOsc/libs/oscpack",
					"../../../addons/ofxOsc/libs/oscpack/src",
					"../../../addons/ofxOsc/libs/oscpack/src/ip",
					"../../../addons/ofxOsc/libs/oscpack/src/ip/posix",
					"../../../addons/ofxOsc/libs/oscpack/src/osc",
					"../../../addons/ofxOsc/src"
				],
				"LIBRARY_SEARCH_PATHS": "$(inherited)",
				"OTHER_LDFLAGS": [
					"$(OF_CORE_LIBS)",
					"$(OF_CORE_FRAMEWORKS)",
					"$(LIB_OF_RELEASE)"
				],
				"baseConfigurationReference": "E4EB6923138AFD0F00A09F29"
			},
			"isa": "XCBuildConfiguration",
			"name": "Release"
		},
		"E4B69E1C0A3A1BDC003C02F2": {
			"children": [
				"E4B69E1D0A3A1BDC003C02F2",
				"E4B69E1E0A3A1BDC003C02F2",
				"E4B69E1F0A3A1BDC003C02F2"
			],
			"isa": "PBXGroup",
			"path": "src",
			"sourceTree": "SOURCE_ROOT"
		},
		"E4B69E1D0A3A1BDC003C02F2": {
			"fileEncoding": "4",
			"isa": "PBXFileReference",
			"lastKnownFileType": "sourcecode.cpp.cpp",
			"name": "main.cpp",
			"path": "src/main.cpp",
			"sourceTree": "SOURCE_ROOT"
		},
		"E4B69E1E0A3A1BDC003C02F2": {
			"explicitFileType": "sourcecode.cpp.cpp",
			"fileEncoding": "4",
			"isa": "PBXFileReference",
			"name": "ofApp.cpp",
			"path": "src/ofApp.cpp",
			"sourceTree": "SOURCE_ROOT"
		},
		"E4B69E1F0A3A1BDC003C02F2": {
			"fileEncoding": "4",
			"isa": "PBXFileReference",
			"lastKnownFileType": "sourcecode.c.h",
			"name": "ofApp.h",
			"path": "src/ofApp.h",
			"sourceTree": "SOURCE_ROOT"
		},
		"E4B69E200A3A1BDC003C02F2": {
			"fileRef": "E4B69E1D0A3A1BDC003C02F2",
			"isa": "PBXBuildFile"
		},
		"E4B69E210A3A1BDC003C02F2": {
			"fileRef": "E4B69E1E0A3A1BDC003C02F2",
			"isa": "PBXBuildFile"
		},
		"E4B6FCAD0C3E899E008CF71C": {
			"fileEncoding": "4",
			"isa": "PBXFileReference",
			"lastKnownFileType": "text.plist.xml",
			"path": "openFrameworks-Info.plist",
			"sourceTree": "<group>"
		},
		"E4C2427710CC5ABF004149E2": {
			"buildActionMask": "2147483647",
			"dstPath": "",
			"dstSubfolderSpec": "10",
			"files": [],
			"isa": "PBXCopyFilesBuildPhase",
			"runOnlyForDeploymentPostprocessing": "0"
		},
		"E4EB6923138AFD0F00A09F29": {
			"fileEncoding": "4",
			"isa": "PBXFileReference",
			"lastKnownFileType": "text.xcconfig",
			"path": "Project.xcconfig",
			"sourceTree": "<group>"
		},
		"E5E18133-0FD6-4F32-8F5E-F26CBD28ADF4": {
			"fileEncoding": "4",
			"isa": "PBXFileReference",
			"lastKnownFileType": "sourcecode.cpp.cpp",
			"name": "ofxOscMessage.cpp",
			"sourceTree": "<group>"
		},
		"E83CC866-34CD-427E-9EE5-1B8A797912B5": {
			"fileEncoding": "4",
			"isa": "PBXFileReference",
			"lastKnownFileType": "sourcecode.cpp.h",
			"name": "ofxOscParameterSync.h",
			"sourceTree": "<group>"
		},
		"E844E958-57A6-4430-B33F-A8DFF1C4703F": {
			"fileEncoding": "4",
			"isa": "PBXFileReference",
			"lastKnownFileType": "sourcecode.cpp.h",
			"name": "ofxOscArg.h",
			"sourceTree": "<group>"
		},
		"E965CBBF-DCEB-4705-B6F1-AC0D0625872F": {
			"fileRef": "EA9C3E4E-3B53-4480-A853-07CF7D01384F",
			"isa": "PBXBuildFile"
		},
		"EA9C3E4E-3B53-4480-A853-07CF7D01384F": {
			"fileEncoding": "4",
			"isa": "PBXFileReference",
			"lastKnownFileType": "sourcecode.cpp.cpp",
			"name": "NetworkingUtils.cpp",
			"sourceTree": "<group>"
		},
		"EB9C77AA-57FF-4774-B1EF-9C22D4CC7888": {
			"fileRef": "A7F1D5CF-3068-4CF8-9CD4-A7EAAFAFD007",
			"isa": "PBXBuildFile"
		},
		"F2692D31-F76F-4BC0-8381-19CD0B3CB6FB": {
			"fileEncoding": "4",
			"isa": "PBXFileReference",
			"lastKnownFileType": "sourcecode.cpp.h",
			"name": "OscPrintReceivedElements.h",
			"sourceTree": "<group>"
		},
		"FE70F984-0FFD-40E0-A474-F278E5AECFCB": {
			"fileEncoding": "4",
			"isa": "PBXFileReference",
			"lastKnownFileType": "sourcecode.cpp.cpp",
			"name": "ofxOscParameterSync.cpp",
			"sourceTree": "<group>"
		}
	},
	"rootObject": "E4B69B4C0A3A1720003C02F2"
}